
Microsoft Visual Studio Solution File, Format Version 12.00
# Visual Studio Version 17
VisualStudioVersion = 17.5.2.0
MinimumVisualStudioVersion = 10.0.40219.1
Project("{2150E333-8FDC-42A3-9474-1A3956D46DE8}") = "src", "src", "{03819C32-442D-4C8F-8F03-90A72C85BF08}"
EndProject
Project("{FAE04EC0-301F-11D3-BF4B-00C04F79EFBC}") = "EfsAiHub.Core.Abstractions", "src\EfsAiHub.Core.Abstractions\EfsAiHub.Core.Abstractions.csproj", "{267833C5-5B01-428D-BD4D-D2F9F810F36D}"
EndProject
Project("{FAE04EC0-301F-11D3-BF4B-00C04F79EFBC}") = "EfsAiHub.Core.Orchestration", "src\EfsAiHub.Core.Orchestration\EfsAiHub.Core.Orchestration.csproj", "{8DE1FC9A-0637-4EF6-952D-D0332780B835}"
EndProject
Project("{FAE04EC0-301F-11D3-BF4B-00C04F79EFBC}") = "EfsAiHub.Platform.Runtime", "src\EfsAiHub.Platform.Runtime\EfsAiHub.Platform.Runtime.csproj", "{0050EE69-72FD-41ED-96D9-2B3B93EC0EB4}"
EndProject
Project("{FAE04EC0-301F-11D3-BF4B-00C04F79EFBC}") = "EfsAiHub.Infra.Persistence", "src\EfsAiHub.Infra.Persistence\EfsAiHub.Infra.Persistence.csproj", "{C9F134AA-C89A-416A-9ADF-495D073E4DFC}"
EndProject
Project("{FAE04EC0-301F-11D3-BF4B-00C04F79EFBC}") = "EfsAiHub.Infra.Messaging", "src\EfsAiHub.Infra.Messaging\EfsAiHub.Infra.Messaging.csproj", "{63D784FE-53F1-4E07-B15B-04D819997553}"
EndProject
Project("{FAE04EC0-301F-11D3-BF4B-00C04F79EFBC}") = "EfsAiHub.Infra.Observability", "src\EfsAiHub.Infra.Observability\EfsAiHub.Infra.Observability.csproj", "{AA625801-A9B1-44B5-A2FD-6F90BBE52A91}"
EndProject
Project("{FAE04EC0-301F-11D3-BF4B-00C04F79EFBC}") = "EfsAiHub.Host.Api", "src\EfsAiHub.Host.Api\EfsAiHub.Host.Api.csproj", "{ADF66E8C-97D6-4C30-B263-6811EF90BC60}"
EndProject
Project("{FAE04EC0-301F-11D3-BF4B-00C04F79EFBC}") = "EfsAiHub.Host.Worker", "src\EfsAiHub.Host.Worker\EfsAiHub.Host.Worker.csproj", "{0A5FC080-479A-4B55-B8C3-FF58657D3DDF}"
EndProject
Project("{FAE04EC0-301F-11D3-BF4B-00C04F79EFBC}") = "EfsAiHub.Infra.LlmProviders", "src\EfsAiHub.Infra.LlmProviders\EfsAiHub.Infra.LlmProviders.csproj", "{B03B4676-39C7-4781-8A07-231CFE488BBA}"
EndProject
Project("{FAE04EC0-301F-11D3-BF4B-00C04F79EFBC}") = "EfsAiHub.Core.Agents", "src\EfsAiHub.Core.Agents\EfsAiHub.Core.Agents.csproj", "{2F4B09FD-BBA3-4354-8084-050B5C005F68}"
EndProject
Project("{2150E333-8FDC-42A3-9474-1A3956D46DE8}") = "tests", "tests", "{5605335D-0CA9-4A7A-BB0E-4AB6C5A655A1}"
EndProject
Project("{FAE04EC0-301F-11D3-BF4B-00C04F79EFBC}") = "EfsAiHub.Tests.Unit", "tests\EfsAiHub.Tests.Unit\EfsAiHub.Tests.Unit.csproj", "{11B2A1BE-848C-4363-BC3E-2D1D0E1703E4}"
EndProject
Project("{FAE04EC0-301F-11D3-BF4B-00C04F79EFBC}") = "EfsAiHub.Tests.Integration", "tests\EfsAiHub.Tests.Integration\EfsAiHub.Tests.Integration.csproj", "{5B7E247D-1A9D-4A0C-915B-E57E3A6C90E3}"
EndProject
Project("{FAE04EC0-301F-11D3-BF4B-00C04F79EFBC}") = "EfsAiHub.Infra.Secrets", "src\EfsAiHub.Infra.Secrets\EfsAiHub.Infra.Secrets.csproj", "{82C574A2-9391-4416-A0C3-39C5BBDC2490}"
EndProject
Project("{FAE04EC0-301F-11D3-BF4B-00C04F79EFBC}") = "EfsAiHub.Migrations.PinningV1", "src\EfsAiHub.Migrations.PinningV1\EfsAiHub.Migrations.PinningV1.csproj", "{509BB654-F3F7-4635-9A3C-052374FC6F45}"
EndProject
Global
	GlobalSection(SolutionConfigurationPlatforms) = preSolution
		Debug|Any CPU = Debug|Any CPU
		Debug|x64 = Debug|x64
		Debug|x86 = Debug|x86
		Release|Any CPU = Release|Any CPU
		Release|x64 = Release|x64
		Release|x86 = Release|x86
	EndGlobalSection
	GlobalSection(ProjectConfigurationPlatforms) = postSolution
		{267833C5-5B01-428D-BD4D-D2F9F810F36D}.Debug|Any CPU.ActiveCfg = Debug|Any CPU
		{267833C5-5B01-428D-BD4D-D2F9F810F36D}.Debug|Any CPU.Build.0 = Debug|Any CPU
		{267833C5-5B01-428D-BD4D-D2F9F810F36D}.Debug|x64.ActiveCfg = Debug|Any CPU
		{267833C5-5B01-428D-BD4D-D2F9F810F36D}.Debug|x64.Build.0 = Debug|Any CPU
		{267833C5-5B01-428D-BD4D-D2F9F810F36D}.Debug|x86.ActiveCfg = Debug|Any CPU
		{267833C5-5B01-428D-BD4D-D2F9F810F36D}.Debug|x86.Build.0 = Debug|Any CPU
		{267833C5-5B01-428D-BD4D-D2F9F810F36D}.Release|Any CPU.ActiveCfg = Release|Any CPU
		{267833C5-5B01-428D-BD4D-D2F9F810F36D}.Release|Any CPU.Build.0 = Release|Any CPU
		{267833C5-5B01-428D-BD4D-D2F9F810F36D}.Release|x64.ActiveCfg = Release|Any CPU
		{267833C5-5B01-428D-BD4D-D2F9F810F36D}.Release|x64.Build.0 = Release|Any CPU
		{267833C5-5B01-428D-BD4D-D2F9F810F36D}.Release|x86.ActiveCfg = Release|Any CPU
		{267833C5-5B01-428D-BD4D-D2F9F810F36D}.Release|x86.Build.0 = Release|Any CPU
		{8DE1FC9A-0637-4EF6-952D-D0332780B835}.Debug|Any CPU.ActiveCfg = Debug|Any CPU
		{8DE1FC9A-0637-4EF6-952D-D0332780B835}.Debug|Any CPU.Build.0 = Debug|Any CPU
		{8DE1FC9A-0637-4EF6-952D-D0332780B835}.Debug|x64.ActiveCfg = Debug|Any CPU
		{8DE1FC9A-0637-4EF6-952D-D0332780B835}.Debug|x64.Build.0 = Debug|Any CPU
		{8DE1FC9A-0637-4EF6-952D-D0332780B835}.Debug|x86.ActiveCfg = Debug|Any CPU
		{8DE1FC9A-0637-4EF6-952D-D0332780B835}.Debug|x86.Build.0 = Debug|Any CPU
		{8DE1FC9A-0637-4EF6-952D-D0332780B835}.Release|Any CPU.ActiveCfg = Release|Any CPU
		{8DE1FC9A-0637-4EF6-952D-D0332780B835}.Release|Any CPU.Build.0 = Release|Any CPU
		{8DE1FC9A-0637-4EF6-952D-D0332780B835}.Release|x64.ActiveCfg = Release|Any CPU
		{8DE1FC9A-0637-4EF6-952D-D0332780B835}.Release|x64.Build.0 = Release|Any CPU
		{8DE1FC9A-0637-4EF6-952D-D0332780B835}.Release|x86.ActiveCfg = Release|Any CPU
		{8DE1FC9A-0637-4EF6-952D-D0332780B835}.Release|x86.Build.0 = Release|Any CPU
		{0050EE69-72FD-41ED-96D9-2B3B93EC0EB4}.Debug|Any CPU.ActiveCfg = Debug|Any CPU
		{0050EE69-72FD-41ED-96D9-2B3B93EC0EB4}.Debug|Any CPU.Build.0 = Debug|Any CPU
		{0050EE69-72FD-41ED-96D9-2B3B93EC0EB4}.Debug|x64.ActiveCfg = Debug|Any CPU
		{0050EE69-72FD-41ED-96D9-2B3B93EC0EB4}.Debug|x64.Build.0 = Debug|Any CPU
		{0050EE69-72FD-41ED-96D9-2B3B93EC0EB4}.Debug|x86.ActiveCfg = Debug|Any CPU
		{0050EE69-72FD-41ED-96D9-2B3B93EC0EB4}.Debug|x86.Build.0 = Debug|Any CPU
		{0050EE69-72FD-41ED-96D9-2B3B93EC0EB4}.Release|Any CPU.ActiveCfg = Release|Any CPU
		{0050EE69-72FD-41ED-96D9-2B3B93EC0EB4}.Release|Any CPU.Build.0 = Release|Any CPU
		{0050EE69-72FD-41ED-96D9-2B3B93EC0EB4}.Release|x64.ActiveCfg = Release|Any CPU
		{0050EE69-72FD-41ED-96D9-2B3B93EC0EB4}.Release|x64.Build.0 = Release|Any CPU
		{0050EE69-72FD-41ED-96D9-2B3B93EC0EB4}.Release|x86.ActiveCfg = Release|Any CPU
		{0050EE69-72FD-41ED-96D9-2B3B93EC0EB4}.Release|x86.Build.0 = Release|Any CPU
		{C9F134AA-C89A-416A-9ADF-495D073E4DFC}.Debug|Any CPU.ActiveCfg = Debug|Any CPU
		{C9F134AA-C89A-416A-9ADF-495D073E4DFC}.Debug|Any CPU.Build.0 = Debug|Any CPU
		{C9F134AA-C89A-416A-9ADF-495D073E4DFC}.Debug|x64.ActiveCfg = Debug|Any CPU
		{C9F134AA-C89A-416A-9ADF-495D073E4DFC}.Debug|x64.Build.0 = Debug|Any CPU
		{C9F134AA-C89A-416A-9ADF-495D073E4DFC}.Debug|x86.ActiveCfg = Debug|Any CPU
		{C9F134AA-C89A-416A-9ADF-495D073E4DFC}.Debug|x86.Build.0 = Debug|Any CPU
		{C9F134AA-C89A-416A-9ADF-495D073E4DFC}.Release|Any CPU.ActiveCfg = Release|Any CPU
		{C9F134AA-C89A-416A-9ADF-495D073E4DFC}.Release|Any CPU.Build.0 = Release|Any CPU
		{C9F134AA-C89A-416A-9ADF-495D073E4DFC}.Release|x64.ActiveCfg = Release|Any CPU
		{C9F134AA-C89A-416A-9ADF-495D073E4DFC}.Release|x64.Build.0 = Release|Any CPU
		{C9F134AA-C89A-416A-9ADF-495D073E4DFC}.Release|x86.ActiveCfg = Release|Any CPU
		{C9F134AA-C89A-416A-9ADF-495D073E4DFC}.Release|x86.Build.0 = Release|Any CPU
		{63D784FE-53F1-4E07-B15B-04D819997553}.Debug|Any CPU.ActiveCfg = Debug|Any CPU
		{63D784FE-53F1-4E07-B15B-04D819997553}.Debug|Any CPU.Build.0 = Debug|Any CPU
		{63D784FE-53F1-4E07-B15B-04D819997553}.Debug|x64.ActiveCfg = Debug|Any CPU
		{63D784FE-53F1-4E07-B15B-04D819997553}.Debug|x64.Build.0 = Debug|Any CPU
		{63D784FE-53F1-4E07-B15B-04D819997553}.Debug|x86.ActiveCfg = Debug|Any CPU
		{63D784FE-53F1-4E07-B15B-04D819997553}.Debug|x86.Build.0 = Debug|Any CPU
		{63D784FE-53F1-4E07-B15B-04D819997553}.Release|Any CPU.ActiveCfg = Release|Any CPU
		{63D784FE-53F1-4E07-B15B-04D819997553}.Release|Any CPU.Build.0 = Release|Any CPU
		{63D784FE-53F1-4E07-B15B-04D819997553}.Release|x64.ActiveCfg = Release|Any CPU
		{63D784FE-53F1-4E07-B15B-04D819997553}.Release|x64.Build.0 = Release|Any CPU
		{63D784FE-53F1-4E07-B15B-04D819997553}.Release|x86.ActiveCfg = Release|Any CPU
		{63D784FE-53F1-4E07-B15B-04D819997553}.Release|x86.Build.0 = Release|Any CPU
		{AA625801-A9B1-44B5-A2FD-6F90BBE52A91}.Debug|Any CPU.ActiveCfg = Debug|Any CPU
		{AA625801-A9B1-44B5-A2FD-6F90BBE52A91}.Debug|Any CPU.Build.0 = Debug|Any CPU
		{AA625801-A9B1-44B5-A2FD-6F90BBE52A91}.Debug|x64.ActiveCfg = Debug|Any CPU
		{AA625801-A9B1-44B5-A2FD-6F90BBE52A91}.Debug|x64.Build.0 = Debug|Any CPU
		{AA625801-A9B1-44B5-A2FD-6F90BBE52A91}.Debug|x86.ActiveCfg = Debug|Any CPU
		{AA625801-A9B1-44B5-A2FD-6F90BBE52A91}.Debug|x86.Build.0 = Debug|Any CPU
		{AA625801-A9B1-44B5-A2FD-6F90BBE52A91}.Release|Any CPU.ActiveCfg = Release|Any CPU
		{AA625801-A9B1-44B5-A2FD-6F90BBE52A91}.Release|Any CPU.Build.0 = Release|Any CPU
		{AA625801-A9B1-44B5-A2FD-6F90BBE52A91}.Release|x64.ActiveCfg = Release|Any CPU
		{AA625801-A9B1-44B5-A2FD-6F90BBE52A91}.Release|x64.Build.0 = Release|Any CPU
		{AA625801-A9B1-44B5-A2FD-6F90BBE52A91}.Release|x86.ActiveCfg = Release|Any CPU
		{AA625801-A9B1-44B5-A2FD-6F90BBE52A91}.Release|x86.Build.0 = Release|Any CPU
		{ADF66E8C-97D6-4C30-B263-6811EF90BC60}.Debug|Any CPU.ActiveCfg = Debug|Any CPU
		{ADF66E8C-97D6-4C30-B263-6811EF90BC60}.Debug|Any CPU.Build.0 = Debug|Any CPU
		{ADF66E8C-97D6-4C30-B263-6811EF90BC60}.Debug|x64.ActiveCfg = Debug|Any CPU
		{ADF66E8C-97D6-4C30-B263-6811EF90BC60}.Debug|x64.Build.0 = Debug|Any CPU
		{ADF66E8C-97D6-4C30-B263-6811EF90BC60}.Debug|x86.ActiveCfg = Debug|Any CPU
		{ADF66E8C-97D6-4C30-B263-6811EF90BC60}.Debug|x86.Build.0 = Debug|Any CPU
		{ADF66E8C-97D6-4C30-B263-6811EF90BC60}.Release|Any CPU.ActiveCfg = Release|Any CPU
		{ADF66E8C-97D6-4C30-B263-6811EF90BC60}.Release|Any CPU.Build.0 = Release|Any CPU
		{ADF66E8C-97D6-4C30-B263-6811EF90BC60}.Release|x64.ActiveCfg = Release|Any CPU
		{ADF66E8C-97D6-4C30-B263-6811EF90BC60}.Release|x64.Build.0 = Release|Any CPU
		{ADF66E8C-97D6-4C30-B263-6811EF90BC60}.Release|x86.ActiveCfg = Release|Any CPU
		{ADF66E8C-97D6-4C30-B263-6811EF90BC60}.Release|x86.Build.0 = Release|Any CPU
		{0A5FC080-479A-4B55-B8C3-FF58657D3DDF}.Debug|Any CPU.ActiveCfg = Debug|Any CPU
		{0A5FC080-479A-4B55-B8C3-FF58657D3DDF}.Debug|Any CPU.Build.0 = Debug|Any CPU
		{0A5FC080-479A-4B55-B8C3-FF58657D3DDF}.Debug|x64.ActiveCfg = Debug|Any CPU
		{0A5FC080-479A-4B55-B8C3-FF58657D3DDF}.Debug|x64.Build.0 = Debug|Any CPU
		{0A5FC080-479A-4B55-B8C3-FF58657D3DDF}.Debug|x86.ActiveCfg = Debug|Any CPU
		{0A5FC080-479A-4B55-B8C3-FF58657D3DDF}.Debug|x86.Build.0 = Debug|Any CPU
		{0A5FC080-479A-4B55-B8C3-FF58657D3DDF}.Release|Any CPU.ActiveCfg = Release|Any CPU
		{0A5FC080-479A-4B55-B8C3-FF58657D3DDF}.Release|Any CPU.Build.0 = Release|Any CPU
		{0A5FC080-479A-4B55-B8C3-FF58657D3DDF}.Release|x64.ActiveCfg = Release|Any CPU
		{0A5FC080-479A-4B55-B8C3-FF58657D3DDF}.Release|x64.Build.0 = Release|Any CPU
		{0A5FC080-479A-4B55-B8C3-FF58657D3DDF}.Release|x86.ActiveCfg = Release|Any CPU
		{0A5FC080-479A-4B55-B8C3-FF58657D3DDF}.Release|x86.Build.0 = Release|Any CPU
		{B03B4676-39C7-4781-8A07-231CFE488BBA}.Debug|Any CPU.ActiveCfg = Debug|Any CPU
		{B03B4676-39C7-4781-8A07-231CFE488BBA}.Debug|Any CPU.Build.0 = Debug|Any CPU
		{B03B4676-39C7-4781-8A07-231CFE488BBA}.Debug|x64.ActiveCfg = Debug|Any CPU
		{B03B4676-39C7-4781-8A07-231CFE488BBA}.Debug|x64.Build.0 = Debug|Any CPU
		{B03B4676-39C7-4781-8A07-231CFE488BBA}.Debug|x86.ActiveCfg = Debug|Any CPU
		{B03B4676-39C7-4781-8A07-231CFE488BBA}.Debug|x86.Build.0 = Debug|Any CPU
		{B03B4676-39C7-4781-8A07-231CFE488BBA}.Release|Any CPU.ActiveCfg = Release|Any CPU
		{B03B4676-39C7-4781-8A07-231CFE488BBA}.Release|Any CPU.Build.0 = Release|Any CPU
		{B03B4676-39C7-4781-8A07-231CFE488BBA}.Release|x64.ActiveCfg = Release|Any CPU
		{B03B4676-39C7-4781-8A07-231CFE488BBA}.Release|x64.Build.0 = Release|Any CPU
		{B03B4676-39C7-4781-8A07-231CFE488BBA}.Release|x86.ActiveCfg = Release|Any CPU
		{B03B4676-39C7-4781-8A07-231CFE488BBA}.Release|x86.Build.0 = Release|Any CPU
		{2F4B09FD-BBA3-4354-8084-050B5C005F68}.Debug|Any CPU.ActiveCfg = Debug|Any CPU
		{2F4B09FD-BBA3-4354-8084-050B5C005F68}.Debug|Any CPU.Build.0 = Debug|Any CPU
		{2F4B09FD-BBA3-4354-8084-050B5C005F68}.Debug|x64.ActiveCfg = Debug|Any CPU
		{2F4B09FD-BBA3-4354-8084-050B5C005F68}.Debug|x64.Build.0 = Debug|Any CPU
		{2F4B09FD-BBA3-4354-8084-050B5C005F68}.Debug|x86.ActiveCfg = Debug|Any CPU
		{2F4B09FD-BBA3-4354-8084-050B5C005F68}.Debug|x86.Build.0 = Debug|Any CPU
		{2F4B09FD-BBA3-4354-8084-050B5C005F68}.Release|Any CPU.ActiveCfg = Release|Any CPU
		{2F4B09FD-BBA3-4354-8084-050B5C005F68}.Release|Any CPU.Build.0 = Release|Any CPU
		{2F4B09FD-BBA3-4354-8084-050B5C005F68}.Release|x64.ActiveCfg = Release|Any CPU
		{2F4B09FD-BBA3-4354-8084-050B5C005F68}.Release|x64.Build.0 = Release|Any CPU
		{2F4B09FD-BBA3-4354-8084-050B5C005F68}.Release|x86.ActiveCfg = Release|Any CPU
		{2F4B09FD-BBA3-4354-8084-050B5C005F68}.Release|x86.Build.0 = Release|Any CPU
		{11B2A1BE-848C-4363-BC3E-2D1D0E1703E4}.Debug|Any CPU.ActiveCfg = Debug|Any CPU
		{11B2A1BE-848C-4363-BC3E-2D1D0E1703E4}.Debug|Any CPU.Build.0 = Debug|Any CPU
		{11B2A1BE-848C-4363-BC3E-2D1D0E1703E4}.Debug|x64.ActiveCfg = Debug|Any CPU
		{11B2A1BE-848C-4363-BC3E-2D1D0E1703E4}.Debug|x64.Build.0 = Debug|Any CPU
		{11B2A1BE-848C-4363-BC3E-2D1D0E1703E4}.Debug|x86.ActiveCfg = Debug|Any CPU
		{11B2A1BE-848C-4363-BC3E-2D1D0E1703E4}.Debug|x86.Build.0 = Debug|Any CPU
		{11B2A1BE-848C-4363-BC3E-2D1D0E1703E4}.Release|Any CPU.ActiveCfg = Release|Any CPU
		{11B2A1BE-848C-4363-BC3E-2D1D0E1703E4}.Release|Any CPU.Build.0 = Release|Any CPU
		{11B2A1BE-848C-4363-BC3E-2D1D0E1703E4}.Release|x64.ActiveCfg = Release|Any CPU
		{11B2A1BE-848C-4363-BC3E-2D1D0E1703E4}.Release|x64.Build.0 = Release|Any CPU
		{11B2A1BE-848C-4363-BC3E-2D1D0E1703E4}.Release|x86.ActiveCfg = Release|Any CPU
		{11B2A1BE-848C-4363-BC3E-2D1D0E1703E4}.Release|x86.Build.0 = Release|Any CPU
		{5B7E247D-1A9D-4A0C-915B-E57E3A6C90E3}.Debug|Any CPU.ActiveCfg = Debug|Any CPU
		{5B7E247D-1A9D-4A0C-915B-E57E3A6C90E3}.Debug|Any CPU.Build.0 = Debug|Any CPU
		{5B7E247D-1A9D-4A0C-915B-E57E3A6C90E3}.Debug|x64.ActiveCfg = Debug|Any CPU
		{5B7E247D-1A9D-4A0C-915B-E57E3A6C90E3}.Debug|x64.Build.0 = Debug|Any CPU
		{5B7E247D-1A9D-4A0C-915B-E57E3A6C90E3}.Debug|x86.ActiveCfg = Debug|Any CPU
		{5B7E247D-1A9D-4A0C-915B-E57E3A6C90E3}.Debug|x86.Build.0 = Debug|Any CPU
		{5B7E247D-1A9D-4A0C-915B-E57E3A6C90E3}.Release|Any CPU.ActiveCfg = Release|Any CPU
		{5B7E247D-1A9D-4A0C-915B-E57E3A6C90E3}.Release|Any CPU.Build.0 = Release|Any CPU
		{5B7E247D-1A9D-4A0C-915B-E57E3A6C90E3}.Release|x64.ActiveCfg = Release|Any CPU
		{5B7E247D-1A9D-4A0C-915B-E57E3A6C90E3}.Release|x64.Build.0 = Release|Any CPU
		{5B7E247D-1A9D-4A0C-915B-E57E3A6C90E3}.Release|x86.ActiveCfg = Release|Any CPU
		{5B7E247D-1A9D-4A0C-915B-E57E3A6C90E3}.Release|x86.Build.0 = Release|Any CPU
		{82C574A2-9391-4416-A0C3-39C5BBDC2490}.Debug|Any CPU.ActiveCfg = Debug|Any CPU
		{82C574A2-9391-4416-A0C3-39C5BBDC2490}.Debug|Any CPU.Build.0 = Debug|Any CPU
		{82C574A2-9391-4416-A0C3-39C5BBDC2490}.Debug|x64.ActiveCfg = Debug|Any CPU
		{82C574A2-9391-4416-A0C3-39C5BBDC2490}.Debug|x64.Build.0 = Debug|Any CPU
		{82C574A2-9391-4416-A0C3-39C5BBDC2490}.Debug|x86.ActiveCfg = Debug|Any CPU
		{82C574A2-9391-4416-A0C3-39C5BBDC2490}.Debug|x86.Build.0 = Debug|Any CPU
		{82C574A2-9391-4416-A0C3-39C5BBDC2490}.Release|Any CPU.ActiveCfg = Release|Any CPU
		{82C574A2-9391-4416-A0C3-39C5BBDC2490}.Release|Any CPU.Build.0 = Release|Any CPU
		{82C574A2-9391-4416-A0C3-39C5BBDC2490}.Release|x64.ActiveCfg = Release|Any CPU
		{82C574A2-9391-4416-A0C3-39C5BBDC2490}.Release|x64.Build.0 = Release|Any CPU
		{82C574A2-9391-4416-A0C3-39C5BBDC2490}.Release|x86.ActiveCfg = Release|Any CPU
		{82C574A2-9391-4416-A0C3-39C5BBDC2490}.Release|x86.Build.0 = Release|Any CPU
		{509BB654-F3F7-4635-9A3C-052374FC6F45}.Debug|Any CPU.ActiveCfg = Debug|Any CPU
		{509BB654-F3F7-4635-9A3C-052374FC6F45}.Debug|Any CPU.Build.0 = Debug|Any CPU
		{509BB654-F3F7-4635-9A3C-052374FC6F45}.Debug|x64.ActiveCfg = Debug|Any CPU
		{509BB654-F3F7-4635-9A3C-052374FC6F45}.Debug|x64.Build.0 = Debug|Any CPU
		{509BB654-F3F7-4635-9A3C-052374FC6F45}.Debug|x86.ActiveCfg = Debug|Any CPU
		{509BB654-F3F7-4635-9A3C-052374FC6F45}.Debug|x86.Build.0 = Debug|Any CPU
		{509BB654-F3F7-4635-9A3C-052374FC6F45}.Release|Any CPU.ActiveCfg = Release|Any CPU
		{509BB654-F3F7-4635-9A3C-052374FC6F45}.Release|Any CPU.Build.0 = Release|Any CPU
		{509BB654-F3F7-4635-9A3C-052374FC6F45}.Release|x64.ActiveCfg = Release|Any CPU
		{509BB654-F3F7-4635-9A3C-052374FC6F45}.Release|x64.Build.0 = Release|Any CPU
		{509BB654-F3F7-4635-9A3C-052374FC6F45}.Release|x86.ActiveCfg = Release|Any CPU
		{509BB654-F3F7-4635-9A3C-052374FC6F45}.Release|x86.Build.0 = Release|Any CPU
	EndGlobalSection
	GlobalSection(SolutionProperties) = preSolution
		HideSolutionNode = FALSE
	EndGlobalSection
	GlobalSection(NestedProjects) = preSolution
		{267833C5-5B01-428D-BD4D-D2F9F810F36D} = {03819C32-442D-4C8F-8F03-90A72C85BF08}
		{8DE1FC9A-0637-4EF6-952D-D0332780B835} = {03819C32-442D-4C8F-8F03-90A72C85BF08}
		{0050EE69-72FD-41ED-96D9-2B3B93EC0EB4} = {03819C32-442D-4C8F-8F03-90A72C85BF08}
		{C9F134AA-C89A-416A-9ADF-495D073E4DFC} = {03819C32-442D-4C8F-8F03-90A72C85BF08}
		{63D784FE-53F1-4E07-B15B-04D819997553} = {03819C32-442D-4C8F-8F03-90A72C85BF08}
		{AA625801-A9B1-44B5-A2FD-6F90BBE52A91} = {03819C32-442D-4C8F-8F03-90A72C85BF08}
		{ADF66E8C-97D6-4C30-B263-6811EF90BC60} = {03819C32-442D-4C8F-8F03-90A72C85BF08}
		{0A5FC080-479A-4B55-B8C3-FF58657D3DDF} = {03819C32-442D-4C8F-8F03-90A72C85BF08}
		{B03B4676-39C7-4781-8A07-231CFE488BBA} = {03819C32-442D-4C8F-8F03-90A72C85BF08}
		{2F4B09FD-BBA3-4354-8084-050B5C005F68} = {03819C32-442D-4C8F-8F03-90A72C85BF08}
		{11B2A1BE-848C-4363-BC3E-2D1D0E1703E4} = {5605335D-0CA9-4A7A-BB0E-4AB6C5A655A1}
		{5B7E247D-1A9D-4A0C-915B-E57E3A6C90E3} = {5605335D-0CA9-4A7A-BB0E-4AB6C5A655A1}
		{82C574A2-9391-4416-A0C3-39C5BBDC2490} = {03819C32-442D-4C8F-8F03-90A72C85BF08}
		{509BB654-F3F7-4635-9A3C-052374FC6F45} = {03819C32-442D-4C8F-8F03-90A72C85BF08}
	EndGlobalSection
	GlobalSection(ExtensibilityGlobals) = postSolution
		SolutionGuid = {49713149-7C82-4FBB-A1CF-CF561F1873AC}
	EndGlobalSection
EndGlobal
